
Microsoft Visual Studio Solution File, Format Version 12.00
# Visual Studio Version 17
VisualStudioVersion = 17.5.33424.131
MinimumVisualStudioVersion = 10.0.40219.1
Project("{FAE04EC0-301F-11D3-BF4B-00C04F79EFBC}") = "StackOverflowTopTags", "StackOverflowTopTags\StackOverflowTopTags.csproj", "{7695B274-5D46-48FE-A7A3-F9F867972EFB}"
EndProject
Global
	GlobalSection(SolutionConfigurationPlatforms) = preSolution
		Debug|Any CPU = Debug|Any CPU
		Release|Any CPU = Release|Any CPU
	EndGlobalSection
	GlobalSection(ProjectConfigurationPlatforms) = postSolution
		{7695B274-5D46-48FE-A7A3-F9F867972EFB}.Debug|Any CPU.ActiveCfg = Debug|Any CPU
		{7695B274-5D46-48FE-A7A3-F9F867972EFB}.Debug|Any CPU.Build.0 = Debug|Any CPU
		{7695B274-5D46-48FE-A7A3-F9F867972EFB}.Release|Any CPU.ActiveCfg = Release|Any CPU
		{7695B274-5D46-48FE-A7A3-F9F867972EFB}.Release|Any CPU.Build.0 = Release|Any CPU
	EndGlobalSection
	GlobalSection(SolutionProperties) = preSolution
		HideSolutionNode = FALSE
	EndGlobalSection
	GlobalSection(ExtensibilityGlobals) = postSolution
		SolutionGuid = {80AF1A1A-BE52-4B9B-9A71-99951C8244F6}
	EndGlobalSection
EndGlobal
